
Microsoft Visual Studio Solution File, Format Version 12.00
# Visual Studio Version 17
VisualStudioVersion = 17.10.35122.118
MinimumVisualStudioVersion = 10.0.40219.1
Project("{FAE04EC0-301F-11D3-BF4B-00C04F79EFBC}") = "EmbyFolderSize", "EmbyFolderSize.csproj", "{2537D572-68A1-4AD9-88F2-D77B7FA7A974}"
EndProject
Global
	GlobalSection(SolutionConfigurationPlatforms) = preSolution
		Debug|Any CPU = Debug|Any CPU
		Release|Any CPU = Release|Any CPU
	EndGlobalSection
	GlobalSection(ProjectConfigurationPlatforms) = postSolution
		{2537D572-68A1-4AD9-88F2-D77B7FA7A974}.Debug|Any CPU.ActiveCfg = Debug|Any CPU
		{2537D572-68A1-4AD9-88F2-D77B7FA7A974}.Debug|Any CPU.Build.0 = Debug|Any CPU
		{2537D572-68A1-4AD9-88F2-D77B7FA7A974}.Release|Any CPU.ActiveCfg = Release|Any CPU
		{2537D572-68A1-4AD9-88F2-D77B7FA7A974}.Release|Any CPU.Build.0 = Release|Any CPU
	EndGlobalSection
	GlobalSection(SolutionProperties) = preSolution
		HideSolutionNode = FALSE
	EndGlobalSection
	GlobalSection(ExtensibilityGlobals) = postSolution
		SolutionGuid = {BE205953-DBDB-4E80-824F-9F5944C87122}
	EndGlobalSection
EndGlobal
